
Microsoft Visual Studio Solution File, Format Version 12.00
# Visual Studio Version 17
VisualStudioVersion = 17.9.34723.18
MinimumVisualStudioVersion = 10.0.40219.1
Project("{FAE04EC0-301F-11D3-BF4B-00C04F79EFBC}") = "OOP", "OOP\OOP.csproj", "{3A6E19F0-0DBF-482E-88B9-14A99E26460A}"
EndProject
Global
	GlobalSection(SolutionConfigurationPlatforms) = preSolution
		Debug|Any CPU = Debug|Any CPU
		Release|Any CPU = Release|Any CPU
	EndGlobalSection
	GlobalSection(ProjectConfigurationPlatforms) = postSolution
		{3A6E19F0-0DBF-482E-88B9-14A99E26460A}.Debug|Any CPU.ActiveCfg = Debug|Any CPU
		{3A6E19F0-0DBF-482E-88B9-14A99E26460A}.Debug|Any CPU.Build.0 = Debug|Any CPU
		{3A6E19F0-0DBF-482E-88B9-14A99E26460A}.Release|Any CPU.ActiveCfg = Release|Any CPU
		{3A6E19F0-0DBF-482E-88B9-14A99E26460A}.Release|Any CPU.Build.0 = Release|Any CPU
	EndGlobalSection
	GlobalSection(SolutionProperties) = preSolution
		HideSolutionNode = FALSE
	EndGlobalSection
	GlobalSection(ExtensibilityGlobals) = postSolution
		SolutionGuid = {AFD3F8C6-63BA-4B50-818C-D0DA4A99C5A8}
	EndGlobalSection
EndGlobal
